
Microsoft Visual Studio Solution File, Format Version 12.00
# Visual Studio 14
VisualStudioVersion = 14.0.24627.0
MinimumVisualStudioVersion = 10.0.40219.1
Project("{FAE04EC0-301F-11D3-BF4B-00C04F79EFBC}") = "SAML.Idp", "SAML.Idp\SAML.Idp.csproj", "{7C6142F3-3CB5-4F87-9227-D3D4420F3687}"
EndProject
Project("{FAE04EC0-301F-11D3-BF4B-00C04F79EFBC}") = "SAML.ClientA", "SAML.ClientA\SAML.ClientA.csproj", "{3B07EDD8-F1B9-41CC-A064-3CE4CA8AD897}"
EndProject
Global
	GlobalSection(SolutionConfigurationPlatforms) = preSolution
		Debug|Any CPU = Debug|Any CPU
		Release|Any CPU = Release|Any CPU
	EndGlobalSection
	GlobalSection(ProjectConfigurationPlatforms) = postSolution
		{7C6142F3-3CB5-4F87-9227-D3D4420F3687}.Debug|Any CPU.ActiveCfg = Debug|Any CPU
		{7C6142F3-3CB5-4F87-9227-D3D4420F3687}.Debug|Any CPU.Build.0 = Debug|Any CPU
		{7C6142F3-3CB5-4F87-9227-D3D4420F3687}.Release|Any CPU.ActiveCfg = Release|Any CPU
		{7C6142F3-3CB5-4F87-9227-D3D4420F3687}.Release|Any CPU.Build.0 = Release|Any CPU
		{3B07EDD8-F1B9-41CC-A064-3CE4CA8AD897}.Debug|Any CPU.ActiveCfg = Debug|Any CPU
		{3B07EDD8-F1B9-41CC-A064-3CE4CA8AD897}.Debug|Any CPU.Build.0 = Debug|Any CPU
		{3B07EDD8-F1B9-41CC-A064-3CE4CA8AD897}.Release|Any CPU.ActiveCfg = Release|Any CPU
		{3B07EDD8-F1B9-41CC-A064-3CE4CA8AD897}.Release|Any CPU.Build.0 = Release|Any CPU
	EndGlobalSection
	GlobalSection(SolutionProperties) = preSolution
		HideSolutionNode = FALSE
	EndGlobalSection
EndGlobal
